// !$*UTF8*$!
{
	archiveVersion = 1;
	classes = {
	};
	objectVersion = 46;
	objects = {

/* Begin PBXBuildFile section */
		CA0348461A69C52D009D838E /* AlbertEinsteinStamp.jpg in Resources */ = {isa = PBXBuildFile; fileRef = CA0348451A69C52D009D838E /* AlbertEinsteinStamp.jpg */; };
		CA26B7421A68B0E4001E0075 /* AppDelegate.swift in Sources */ = {isa = PBXBuildFile; fileRef = CA26B7411A68B0E4001E0075 /* AppDelegate.swift */; };
		CA26B7441A68B0E4001E0075 /* ViewController.swift in Sources */ = {isa = PBXBuildFile; fileRef = CA26B7431A68B0E4001E0075 /* ViewController.swift */; };
		CA26B7471A68B0E4001E0075 /* Main.storyboard in Resources */ = {isa = PBXBuildFile; fileRef = CA26B7451A68B0E4001E0075 /* Main.storyboard */; };
		CA26B7491A68B0E4001E0075 /* Images.xcassets in Resources */ = {isa = PBXBuildFile; fileRef = CA26B7481A68B0E4001E0075 /* Images.xcassets */; };
		CA26B74C1A68B0E4001E0075 /* LaunchScreen.xib in Resources */ = {isa = PBXBuildFile; fileRef = CA26B74A1A68B0E4001E0075 /* LaunchScreen.xib */; };
		CA26B7581A68B0E4001E0075 /* PostcardTests.swift in Sources */ = {isa = PBXBuildFile; fileRef = CA26B7571A68B0E4001E0075 /* PostcardTests.swift */; };
		CA26B7621A68B29F001E0075 /* SagradaFamilia.jpeg in Resources */ = {isa = PBXBuildFile; fileRef = CA26B7611A68B29F001E0075 /* SagradaFamilia.jpeg */; };
/* End PBXBuildFile section */

/* Begin PBXContainerItemProxy section */
		CA26B7521A68B0E4001E0075 /* PBXContainerItemProxy */ = {
			isa = PBXContainerItemProxy;
			containerPortal = CA26B7341A68B0E4001E0075 /* Project object */;
			proxyType = 1;
			remoteGlobalIDString = CA26B73B1A68B0E4001E0075;
			remoteInfo = Postcard;
		};
/* End PBXContainerItemProxy section */

/* Begin PBXFileReference section */
		CA0348451A69C52D009D838E /* AlbertEinsteinStamp.jpg */ = {isa = PBXFileReference; lastKnownFileType = image.jpeg; path = AlbertEinsteinStamp.jpg; sourceTree = "<group>"; };
		CA26B73C1A68B0E4001E0075 /* Postcard.app */ = {isa = PBXFileReference; explicitFileType = wrapper.application; includeInIndex = 0; path = Postcard.app; sourceTree = BUILT_PRODUCTS_DIR; };
		CA26B7401A68B0E4001E0075 /* Info.plist */ = {isa = PBXFileReference; lastKnownFileType = text.plist.xml; path = Info.plist; sourceTree = "<group>"; };
		CA26B7411A68B0E4001E0075 /* AppDelegate.swift */ = {isa = PBXFileReference; lastKnownFileType = sourcecode.swift; path = AppDelegate.swift; sourceTree = "<group>"; };
		CA26B7431A68B0E4001E0075 /* ViewController.swift */ = {isa = PBXFileReference; lastKnownFileType = sourcecode.swift; path = ViewController.swift; sourceTree = "<group>"; };
		CA26B7461A68B0E4001E0075 /* Base */ = {isa = PBXFileReference; lastKnownFileType = file.storyboard; name = Base; path = Base.lproj/Main.storyboard; sourceTree = "<group>"; };
		CA26B7481A68B0E4001E0075 /* Images.xcassets */ = {isa = PBXFileReference; lastKnownFileType = folder.assetcatalog; path = Images.xcassets; sourceTree = "<group>"; };
		CA26B74B1A68B0E4001E0075 /* Base */ = {isa = PBXFileReference; lastKnownFileType = file.xib; name = Base; path = Base.lproj/LaunchScreen.xib; sourceTree = "<group>"; };
		CA26B7511A68B0E4001E0075 /* PostcardTests.xctest */ = {isa = PBXFileReference; explicitFileType = wrapper.cfbundle; includeInIndex = 0; path = PostcardTests.xctest; sourceTree = BUILT_PRODUCTS_DIR; };
		CA26B7561A68B0E4001E0075 /* Info.plist */ = {isa = PBXFileReference; lastKnownFileType = text.plist.xml; path = Info.plist; sourceTree = "<group>"; };
		CA26B7571A68B0E4001E0075 /* PostcardTests.swift */ = {isa = PBXFileReference; lastKnownFileType = sourcecode.swift; path = PostcardTests.swift; sourceTree = "<group>"; };
		CA26B7611A68B29F001E0075 /* SagradaFamilia.jpeg */ = {isa = PBXFileReference; lastKnownFileType = image.jpeg; path = SagradaFamilia.jpeg; sourceTree = "<group>"; };
/* End PBXFileReference section */

/* Begin PBXFrameworksBuildPhase section */
		CA26B7391A68B0E4001E0075 /* Frameworks */ = {
			isa = PBXFrameworksBuildPhase;
			buildActionMask = 2147483647;
			files = (
			);
			runOnlyForDeploymentPostprocessing = 0;
		};
		CA26B74E1A68B0E4001E0075 /* Frameworks */ = {
			isa = PBXFrameworksBuildPhase;
			buildActionMask = 2147483647;
			files = (
			);
			runOnlyForDeploymentPostprocessing = 0;
		};
/* End PBXFrameworksBuildPhase section */

/* Begin PBXGroup section */
		CA26B7331A68B0E4001E0075 = {
			isa = PBXGroup;
			children = (
				CA26B73E1A68B0E4001E0075 /* Postcard */,
				CA26B7541A68B0E4001E0075 /* PostcardTests */,
				CA26B73D1A68B0E4001E0075 /* Products */,
			);
			sourceTree = "<group>";
		};
		CA26B73D1A68B0E4001E0075 /* Products */ = {
			isa = PBXGroup;
			children = (
				CA26B73C1A68B0E4001E0075 /* Postcard.app */,
				CA26B7511A68B0E4001E0075 /* PostcardTests.xctest */,
			);
			name = Products;
			sourceTree = "<group>";
		};
		CA26B73E1A68B0E4001E0075 /* Postcard */ = {
			isa = PBXGroup;
			children = (
				CA26B7411A68B0E4001E0075 /* AppDelegate.swift */,
				CA26B7431A68B0E4001E0075 /* ViewController.swift */,
				CA26B7451A68B0E4001E0075 /* Main.storyboard */,
				CA26B7481A68B0E4001E0075 /* Images.xcassets */,
				CA26B74A1A68B0E4001E0075 /* LaunchScreen.xib */,
				CA26B73F1A68B0E4001E0075 /* Supporting Files */,
			);
			path = Postcard;
			sourceTree = "<group>";
		};
		CA26B73F1A68B0E4001E0075 /* Supporting Files */ = {
			isa = PBXGroup;
			children = (
				CA0348451A69C52D009D838E /* AlbertEinsteinStamp.jpg */,
				CA26B7611A68B29F001E0075 /* SagradaFamilia.jpeg */,
				CA26B7401A68B0E4001E0075 /* Info.plist */,
			);
			name = "Supporting Files";
			sourceTree = "<group>";
		};
		CA26B7541A68B0E4001E0075 /* PostcardTests */ = {
			isa = PBXGroup;
			children = (
				CA26B7571A68B0E4001E0075 /* PostcardTests.swift */,
				CA26B7551A68B0E4001E0075 /* Supporting Files */,
			);
			path = PostcardTests;
			sourceTree = "<group>";
		};
		CA26B7551A68B0E4001E0075 /* Supporting Files */ = {
			isa = PBXGroup;
			children = (
				CA26B7561A68B0E4001E0075 /* Info.plist */,
			);
			name = "Supporting Files";
			sourceTree = "<group>";
		};
/* End PBXGroup section */

/* Begin PBXNativeTarget section */
		CA26B73B1A68B0E4001E0075 /* Postcard */ = {
			isa = PBXNativeTarget;
			buildConfigurationList = CA26B75B1A68B0E4001E0075 /* Build configuration list for PBXNativeTarget "Postcard" */;
			buildPhases = (
				CA26B7381A68B0E4001E0075 /* Sources */,
				CA26B7391A68B0E4001E0075 /* Frameworks */,
				CA26B73A1A68B0E4001E0075 /* Resources */,
			);
			buildRules = (
			);
			dependencies = (
			);
			name = Postcard;
			productName = Postcard;
			productReference = CA26B73C1A68B0E4001E0075 /* Postcard.app */;
			productType = "com.apple.product-type.application";
		};
		CA26B7501A68B0E4001E0075 /* PostcardTests */ = {
			isa = PBXNativeTarget;
			buildConfigurationList = CA26B75E1A68B0E4001E0075 /* Build configuration list for PBXNativeTarget "PostcardTests" */;
			buildPhases = (
				CA26B74D1A68B0E4001E0075 /* Sources */,
				CA26B74E1A68B0E4001E0075 /* Frameworks */,
				CA26B74F1A68B0E4001E0075 /* Resources */,
			);
			buildRules = (
			);
			dependencies = (
				CA26B7531A68B0E4001E0075 /* PBXTargetDependency */,
			);
			name = PostcardTests;
			productName = PostcardTests;
			productReference = CA26B7511A68B0E4001E0075 /* PostcardTests.xctest */;
			productType = "com.apple.product-type.bundle.unit-test";
		};
/* End PBXNativeTarget section */

/* Begin PBXProject section */
		CA26B7341A68B0E4001E0075 /* Project object */ = {
			isa = PBXProject;
			attributes = {
				LastUpgradeCheck = 0610;
				ORGANIZATIONNAME = "Brandon Holland";
				TargetAttributes = {
					CA26B73B1A68B0E4001E0075 = {
						CreatedOnToolsVersion = 6.1.1;
					};
					CA26B7501A68B0E4001E0075 = {
						CreatedOnToolsVersion = 6.1.1;
						TestTargetID = CA26B73B1A68B0E4001E0075;
					};
				};
			};
			buildConfigurationList = CA26B7371A68B0E4001E0075 /* Build configuration list for PBXProject "Postcard" */;
			compatibilityVersion = "Xcode 3.2";
			developmentRegion = English;
			hasScannedForEncodings = 0;
			knownRegions = (
				en,
				Base,
			);
			mainGroup = CA26B7331A68B0E4001E0075;
			productRefGroup = CA26B73D1A68B0E4001E0075 /* Products */;
			projectDirPath = "";
			projectRoot = "";
			targets = (
				CA26B73B1A68B0E4001E0075 /* Postcard */,
				CA26B7501A68B0E4001E0075 /* PostcardTests */,
			);
		};
/* End PBXProject section */

/* Begin PBXResourcesBuildPhase section */
		CA26B73A1A68B0E4001E0075 /* Resources */ = {
			isa = PBXResourcesBuildPhase;
			buildActionMask = 2147483647;
			files = (
				CA26B7471A68B0E4001E0075 /* Main.storyboard in Resources */,
				CA26B7621A68B29F001E0075 /* SagradaFamilia.jpeg in Resources */,
				CA0348461A69C52D009D838E /* AlbertEinsteinStamp.jpg in Resources */,
				CA26B74C1A68B0E4001E0075 /* LaunchScreen.xib in Resources */,
				CA26B7491A68B0E4001E0075 /* Images.xcassets in Resources */,
			);
			runOnlyForDeploymentPostprocessing = 0;
		};
		CA26B74F1A68B0E4001E0075 /* Resources */ = {
			isa = PBXResourcesBuildPhase;
			buildActionMask = 2147483647;
			files = (
			);
			runOnlyForDeploymentPostprocessing = 0;
		};
/* End PBXResourcesBuildPhase section */

/* Begin PBXSourcesBuildPhase section */
		CA26B7381A68B0E4001E0075 /* Sources */ = {
			isa = PBXSourcesBuildPhase;
			buildActionMask = 2147483647;
			files = (
				CA26B7441A68B0E4001E0075 /* ViewController.swift in Sources */,
				CA26B7421A68B0E4001E0075 /* AppDelegate.swift in Sources */,
			);
			runOnlyForDeploymentPostprocessing = 0;
		};
		CA26B74D1A68B0E4001E0075 /* Sources */ = {
			isa = PBXSourcesBuildPhase;
			buildActionMask = 2147483647;
			files = (
				CA26B7581A68B0E4001E0075 /* PostcardTests.swift in Sources */,
			);
			runOnlyForDeploymentPostprocessing = 0;
		};
/* End PBXSourcesBuildPhase section */

/* Begin PBXTargetDependency section */
		CA26B7531A68B0E4001E0075 /* PBXTargetDependency */ = {
			isa = PBXTargetDependency;
			target = CA26B73B1A68B0E4001E0075 /* Postcard */;
			targetProxy = CA26B7521A68B0E4001E0075 /* PBXContainerItemProxy */;
		};
/* End PBXTargetDependency section */

/* Begin PBXVariantGroup section */
		CA26B7451A68B0E4001E0075 /* Main.storyboard */ = {
			isa = PBXVariantGroup;
			children = (
				CA26B7461A68B0E4001E0075 /* Base */,
			);
			name = Main.storyboard;
			sourceTree = "<group>";
		};
		CA26B74A1A68B0E4001E0075 /* LaunchScreen.xib */ = {
			isa = PBXVariantGroup;
			children = (
				CA26B74B1A68B0E4001E0075 /* Base */,
			);
			name = LaunchScreen.xib;
			sourceTree = "<group>";
		};
/* End PBXVariantGroup section */

/* Begin XCBuildConfiguration section */
		CA26B7591A68B0E4001E0075 /* Debug */ = {
			isa = XCBuildConfiguration;
			buildSettings = {
				ALWAYS_SEARCH_USER_PATHS = NO;
				CLANG_CXX_LANGUAGE_STANDARD = "gnu++0x";
				CLANG_CXX_LIBRARY = "libc++";
				CLANG_ENABLE_MODULES = YES;
				CLANG_ENABLE_OBJC_ARC = YES;
				CLANG_WARN_BOOL_CONVERSION = YES;
				CLANG_WARN_CONSTANT_CONVERSION = YES;
				CLANG_WARN_DIRECT_OBJC_ISA_USAGE = YES_ERROR;
				CLANG_WARN_EMPTY_BODY = YES;
				CLANG_WARN_ENUM_CONVERSION = YES;
				CLANG_WARN_INT_CONVERSION = YES;
				CLANG_WARN_OBJC_ROOT_CLASS = YES_ERROR;
				CLANG_WARN_UNREACHABLE_CODE = YES;
				CLANG_WARN__DUPLICATE_METHOD_MATCH = YES;
				"CODE_SIGN_IDENTITY[sdk=iphoneos*]" = "iPhone Developer";
				COPY_PHASE_STRIP = NO;
				ENABLE_STRICT_OBJC_MSGSEND = YES;
				GCC_C_LANGUAGE_STANDARD = gnu99;
				GCC_DYNAMIC_NO_PIC = NO;
				GCC_OPTIMIZATION_LEVEL = 0;
				GCC_PREPROCESSOR_DEFINITIONS = (
					"DEBUG=1",
					"$(inherited)",
				);
				GCC_SYMBOLS_PRIVATE_EXTERN = NO;
				GCC_WARN_64_TO_32_BIT_CONVERSION = YES;
				GCC_WARN_ABOUT_RETURN_TYPE = YES_ERROR;
				GCC_WARN_UNDECLARED_SELECTOR = YES;
				GCC_WARN_UNINITIALIZED_AUTOS = YES_AGGRESSIVE;
				GCC_WARN_UNUSED_FUNCTION = YES;
				GCC_WARN_UNUSED_VARIABLE = YES;
				IPHONEOS_DEPLOYMENT_TARGET = 8.1;
				MTL_ENABLE_DEBUG_INFO = YES;
				ONLY_ACTIVE_ARCH = YES;
				SDKROOT = iphoneos;
				SWIFT_OPTIMIZATION_LEVEL = "-Onone";
			};
			name = Debug;
		};
		CA26B75A1A68B0E4001E0075 /* Release */ = {
			isa = XCBuildConfiguration;
			buildSettings = {
				ALWAYS_SEARCH_USER_PATHS = NO;
				CLANG_CXX_LANGUAGE_STANDARD = "gnu++0x";
				CLANG_CXX_LIBRARY = "libc++";
				CLANG_ENABLE_MODULES = YES;
				CLANG_ENABLE_OBJC_ARC = YES;
				CLANG_WARN_BOOL_CONVERSION = YES;
				CLANG_WARN_CONSTANT_CONVERSION = YES;
				CLANG_WARN_DIRECT_OBJC_ISA_USAGE = YES_ERROR;
				CLANG_WARN_EMPTY_BODY = YES;
				CLANG_WARN_ENUM_CONVERSION = YES;
				CLANG_WARN_INT_CONVERSION = YES;
				CLANG_WARN_OBJC_ROOT_CLASS = YES_ERROR;
				CLANG_WARN_UNREACHABLE_CODE = YES;
				CLANG_WARN__DUPLICATE_METHOD_MATCH = YES;
				"CODE_SIGN_IDENTITY[sdk=iphoneos*]" = "iPhone Developer";
				COPY_PHASE_STRIP = YES;
				ENABLE_NS_ASSERTIONS = NO;
				ENABLE_STRICT_OBJC_MSGSEND = YES;
				GCC_C_LANGUAGE_STANDARD = gnu99;
				GCC_WARN_64_TO_32_BIT_CONVERSION = YES;
				GCC_WARN_ABOUT_RETURN_TYPE = YES_ERROR;
				GCC_WARN_UNDECLARED_SELECTOR = YES;
				GCC_WARN_UNINITIALIZED_AUTOS = YES_AGGRESSIVE;
				GCC_WARN_UNUSED_FUNCTION = YES;
				GCC_WARN_UNUSED_VARIABLE = YES;
				IPHONEOS_DEPLOYMENT_TARGET = 8.1;
				MTL_ENABLE_DEBUG_INFO = NO;
				SDKROOT = iphoneos;
				VALIDATE_PRODUCT = YES;
			};
			name = Release;
		};
		CA26B75C1A68B0E4001E0075 /* Debug */ = {
			isa = XCBuildConfiguration;
			buildSettings = {
				ASSETCATALOG_COMPILER_APPICON_NAME = AppIcon;
				INFOPLIST_FILE = Postcard/Info.plist;
				LD_RUNPATH_SEARCH_PATHS = "$(inherited) @executable_path/Frameworks";
				PRODUCT_NAME = "$(TARGET_NAME)";
			};
			name = Debug;
		};
		CA26B75D1A68B0E4001E0075 /* Release */ = {
			isa = XCBuildConfiguration;
			buildSettings = {
				ASSETCATALOG_COMPILER_APPICON_NAME = AppIcon;
				INFOPLIST_FILE = Postcard/Info.plist;
				LD_RUNPATH_SEARCH_PATHS = "$(inherited) @executable_path/Frameworks";
				PRODUCT_NAME = "$(TARGET_NAME)";
			};
			name = Release;
		};
		CA26B75F1A68B0E4001E0075 /* Debug */ = {
			isa = XCBuildConfiguration;
			buildSettings = {
				BUNDLE_LOADER = "$(TEST_HOST)";
				FRAMEWORK_SEARCH_PATHS = (
					"$(SDKROOT)/Developer/Library/Frameworks",
					"$(inherited)",
				);
				GCC_PREPROCESSOR_DEFINITIONS = (
					"DEBUG=1",
					"$(inherited)",
				);
				INFOPLIST_FILE = PostcardTests/Info.plist;
				LD_RUNPATH_SEARCH_PATHS = "$(inherited) @executable_path/Frameworks @loader_path/Frameworks";
				PRODUCT_NAME = "$(TARGET_NAME)";
				TEST_HOST = "$(BUILT_PRODUCTS_DIR)/Postcard.app/Postcard";
			};
			name = Debug;
		};
		CA26B7601A68B0E4001E0075 /* Release */ = {
			isa = XCBuildConfiguration;
			buildSettings = {
				BUNDLE_LOADER = "$(TEST_HOST)";
				FRAMEWORK_SEARCH_PATHS = (
					"$(SDKROOT)/Developer/Library/Frameworks",
					"$(inherited)",
				);
				INFOPLIST_FILE = PostcardTests/Info.plist;
				LD_RUNPATH_SEARCH_PATHS = "$(inherited) @executable_path/Frameworks @loader_path/Frameworks";
				PRODUCT_NAME = "$(TARGET_NAME)";
				TEST_HOST = "$(BUILT_PRODUCTS_DIR)/Postcard.app/Postcard";
			};
			name = Release;
		};
/* End XCBuildConfiguration section */

/* Begin XCConfigurationList section */
		CA26B7371A68B0E4001E0075 /* Build configuration list for PBXProject "Postcard" */ = {
			isa = XCConfigurationList;
			buildConfigurations = (
				CA26B7591A68B0E4001E0075 /* Debug */,
				CA26B75A1A68B0E4001E0075 /* Release */,
			);
			defaultConfigurationIsVisible = 0;
			defaultConfigurationName = Release;
		};
		CA26B75B1A68B0E4001E0075 /* Build configuration list for PBXNativeTarget "Postcard" */ = {
			isa = XCConfigurationList;
			buildConfigurations = (
				CA26B75C1A68B0E4001E0075 /* Debug */,
				CA26B75D1A68B0E4001E0075 /* Release */,
			);
			defaultConfigurationIsVisible = 0;
			defaultConfigurationName = Release;
		};
		CA26B75E1A68B0E4001E0075 /* Build configuration list for PBXNativeTarget "PostcardTests" */ = {
			isa = XCConfigurationList;
			buildConfigurations = (
				CA26B75F1A68B0E4001E0075 /* Debug */,
				CA26B7601A68B0E4001E0075 /* Release */,
			);
			defaultConfigurationIsVisible = 0;
			defaultConfigurationName = Release;
		};
/* End XCConfigurationList section */
	};
	rootObject = CA26B7341A68B0E4001E0075 /* Project object */;
}
